
Microsoft Visual Studio Solution File, Format Version 12.00
# Visual Studio Version 16
VisualStudioVersion = 16.0.31613.86
MinimumVisualStudioVersion = 10.0.40219.1
Project("{FAE04EC0-301F-11D3-BF4B-00C04F79EFBC}") = "WebApp1", "WebApp1.csproj", "{ED676D98-6526-4526-93B5-4C76134CC480}"
EndProject
Global
	GlobalSection(SolutionConfigurationPlatforms) = preSolution
		Debug|Any CPU = Debug|Any CPU
		Release|Any CPU = Release|Any CPU
	EndGlobalSection
	GlobalSection(ProjectConfigurationPlatforms) = postSolution
		{ED676D98-6526-4526-93B5-4C76134CC480}.Debug|Any CPU.ActiveCfg = Debug|Any CPU
		{ED676D98-6526-4526-93B5-4C76134CC480}.Debug|Any CPU.Build.0 = Debug|Any CPU
		{ED676D98-6526-4526-93B5-4C76134CC480}.Release|Any CPU.ActiveCfg = Release|Any CPU
		{ED676D98-6526-4526-93B5-4C76134CC480}.Release|Any CPU.Build.0 = Release|Any CPU
	EndGlobalSection
	GlobalSection(SolutionProperties) = preSolution
		HideSolutionNode = FALSE
	EndGlobalSection
	GlobalSection(ExtensibilityGlobals) = postSolution
		SolutionGuid = {709F5CC9-B162-4B1B-BD93-F9309F7C8C63}
	EndGlobalSection
EndGlobal
